lockfileVersion: '6.0'

settings:
  autoInstallPeers: true
  excludeLinksFromLockfile: false

dependencies:
  three-usdz:
    specifier: npm:three@0.153.0
    version: /three@0.153.0

devDependencies:
  '@types/three-usdz':
    specifier: npm:@types/three@0.153.0
    version: /@types/three@0.153.0
  typescript:
    specifier: ^5.2.2
    version: 5.2.2

packages:

  /@tweenjs/tween.js@18.6.4:
    resolution: {integrity: sha512-lB9lMjuqjtuJrx7/kOkqQBtllspPIN+96OvTCeJ2j5FEzinoAXTdAMFnDAQT1KVPRlnYfBrqxtqP66vDM40xxQ==}
    dev: true

  /@types/stats.js@0.17.3:
    resolution: {integrity: sha512-pXNfAD3KHOdif9EQXZ9deK82HVNaXP5ZIF5RP2QG6OQFNTaY2YIetfrE9t528vEreGQvEPRDDc8muaoYeK0SxQ==}
    dev: true

  /@types/three@0.153.0:
    resolution: {integrity: sha512-L9quzIP4lsl6asDCw5zqN5opewCVOKRuB09apw5Acf2AIkoj5gLnUOY5AMB/ntFUt/QfFey0uKZaAd5t+HXSUw==}
    dependencies:
      '@tweenjs/tween.js': 18.6.4
      '@types/stats.js': 0.17.3
      '@types/webxr': 0.5.8
      fflate: 0.6.10
      lil-gui: 0.17.0
    dev: true

  /@types/webxr@0.5.8:
    resolution: {integrity: sha512-9vRpV4nMzuZIdJiu/nHUk1AQV0cguaBI32DIauJXBxpvG3wiXk3VD+kQKx111V7I/YvAoGyJZTyhaWODYEbZ0w==}
    dev: true

  /fflate@0.6.10:
    resolution: {integrity: sha512-IQrh3lEPM93wVCEczc9SaAOvkmcoQn/G8Bo1e8ZPlY3X3bnAxWaBdvTdvM1hP62iZp0BXWDy4vTAy4fF0+Dlpg==}
    dev: true

  /lil-gui@0.17.0:
    resolution: {integrity: sha512-MVBHmgY+uEbmJNApAaPbtvNh1RCAeMnKym82SBjtp5rODTYKWtM+MXHCifLe2H2Ti1HuBGBtK/5SyG4ShQ3pUQ==}
    dev: true

  /three@0.153.0:
    resolution: {integrity: sha512-OCP2/uQR6GcDpSLnJt/3a4mdS0kNWcbfUXIwLoEMgLzEUIVIYsSDwskpmOii/AkDM+BBwrl6+CKgrjX9+E2aWg==}
    dev: false

  /typescript@5.2.2:
    resolution: {integrity: sha512-mI4WrpHsbCIcwT9cF4FZvr80QUeKvsUsUvKDoR+X/7XHQH98xYD8YHZg7ANtz2GtZt/CBq2QJ0thkGJMHfqc1w==}
    engines: {node: '>=14.17'}
    hasBin: true
    dev: true
